
Microsoft Visual Studio Solution File, Format Version 12.00
# Visual Studio Version 17
VisualStudioVersion = 17.4.33213.308
MinimumVisualStudioVersion = 10.0.40219.1
Project("{9A19103F-16F7-4668-BE54-9A1E7A4F7556}") = "Manage.MentApi", "Manage.MentApi\Manage.MentApi.csproj", "{B68D2E4C-6FDF-4DAE-BE40-5DF815FCA3A1}"
EndProject
Project("{FAE04EC0-301F-11D3-BF4B-00C04F79EFBC}") = "Manage.Models", "Manage.Models\Manage.Models.csproj", "{FE7EB1AB-29F0-45D0-BFFE-06DBFDC7BA07}"
EndProject
Global
	GlobalSection(SolutionConfigurationPlatforms) = preSolution
		Debug|Any CPU = Debug|Any CPU
		Release|Any CPU = Release|Any CPU
	EndGlobalSection
	GlobalSection(ProjectConfigurationPlatforms) = postSolution
		{B68D2E4C-6FDF-4DAE-BE40-5DF815FCA3A1}.Debug|Any CPU.ActiveCfg = Debug|Any CPU
		{B68D2E4C-6FDF-4DAE-BE40-5DF815FCA3A1}.Debug|Any CPU.Build.0 = Debug|Any CPU
		{B68D2E4C-6FDF-4DAE-BE40-5DF815FCA3A1}.Release|Any CPU.ActiveCfg = Release|Any CPU
		{B68D2E4C-6FDF-4DAE-BE40-5DF815FCA3A1}.Release|Any CPU.Build.0 = Release|Any CPU
		{FE7EB1AB-29F0-45D0-BFFE-06DBFDC7BA07}.Debug|Any CPU.ActiveCfg = Debug|Any CPU
		{FE7EB1AB-29F0-45D0-BFFE-06DBFDC7BA07}.Debug|Any CPU.Build.0 = Debug|Any CPU
		{FE7EB1AB-29F0-45D0-BFFE-06DBFDC7BA07}.Release|Any CPU.ActiveCfg = Release|Any CPU
		{FE7EB1AB-29F0-45D0-BFFE-06DBFDC7BA07}.Release|Any CPU.Build.0 = Release|Any CPU
	EndGlobalSection
	GlobalSection(SolutionProperties) = preSolution
		HideSolutionNode = FALSE
	EndGlobalSection
	GlobalSection(ExtensibilityGlobals) = postSolution
		SolutionGuid = {E4EBBB07-96CA-4E41-A600-B822554AED69}
	EndGlobalSection
EndGlobal
